
Microsoft Visual Studio Solution File, Format Version 12.00
# Visual Studio Version 17
VisualStudioVersion = 17.14.36603.0 d17.14
MinimumVisualStudioVersion = 10.0.40219.1
Project("{FAE04EC0-301F-11D3-BF4B-00C04F79EFBC}") = "Pronia", "Pronia.csproj", "{90AC2E2F-EE4D-4D54-9C4C-D36C31D29EF3}"
EndProject
Global
	GlobalSection(SolutionConfigurationPlatforms) = preSolution
		Debug|Any CPU = Debug|Any CPU
		Release|Any CPU = Release|Any CPU
	EndGlobalSection
	GlobalSection(ProjectConfigurationPlatforms) = postSolution
		{90AC2E2F-EE4D-4D54-9C4C-D36C31D29EF3}.Debug|Any CPU.ActiveCfg = Debug|Any CPU
		{90AC2E2F-EE4D-4D54-9C4C-D36C31D29EF3}.Debug|Any CPU.Build.0 = Debug|Any CPU
		{90AC2E2F-EE4D-4D54-9C4C-D36C31D29EF3}.Release|Any CPU.ActiveCfg = Release|Any CPU
		{90AC2E2F-EE4D-4D54-9C4C-D36C31D29EF3}.Release|Any CPU.Build.0 = Release|Any CPU
	EndGlobalSection
	GlobalSection(SolutionProperties) = preSolution
		HideSolutionNode = FALSE
	EndGlobalSection
	GlobalSection(ExtensibilityGlobals) = postSolution
		SolutionGuid = {6DAA83E3-983E-466F-910E-A47383421499}
	EndGlobalSection
EndGlobal
