
Microsoft Visual Studio Solution File, Format Version 12.00
# Visual Studio Version 17
VisualStudioVersion = 17.14.36603.0 d17.14
MinimumVisualStudioVersion = 10.0.40219.1
Project("{FAE04EC0-301F-11D3-BF4B-00C04F79EFBC}") = "Pronia1", "Pronia1.csproj", "{242AE2E6-1E56-42B5-A25C-9E8BCDCC446C}"
EndProject
Global
	GlobalSection(SolutionConfigurationPlatforms) = preSolution
		Debug|Any CPU = Debug|Any CPU
		Release|Any CPU = Release|Any CPU
	EndGlobalSection
	GlobalSection(ProjectConfigurationPlatforms) = postSolution
		{242AE2E6-1E56-42B5-A25C-9E8BCDCC446C}.Debug|Any CPU.ActiveCfg = Debug|Any CPU
		{242AE2E6-1E56-42B5-A25C-9E8BCDCC446C}.Debug|Any CPU.Build.0 = Debug|Any CPU
		{242AE2E6-1E56-42B5-A25C-9E8BCDCC446C}.Release|Any CPU.ActiveCfg = Release|Any CPU
		{242AE2E6-1E56-42B5-A25C-9E8BCDCC446C}.Release|Any CPU.Build.0 = Release|Any CPU
	EndGlobalSection
	GlobalSection(SolutionProperties) = preSolution
		HideSolutionNode = FALSE
	EndGlobalSection
	GlobalSection(ExtensibilityGlobals) = postSolution
		SolutionGuid = {3D3D2544-9E46-4794-A8E3-883C183C4472}
	EndGlobalSection
EndGlobal
